
Microsoft Visual Studio Solution File, Format Version 12.00
# Visual Studio 2013
VisualStudioVersion = 12.0.21005.1
MinimumVisualStudioVersion = 10.0.40219.1
Project("{FAE04EC0-301F-11D3-BF4B-00C04F79EFBC}") = "waMvc5Day13", "waMvc5Day13\waMvc5Day13.csproj", "{B77382F7-C00A-4A69-8961-1E665ED08652}"
EndProject
Project("{FAE04EC0-301F-11D3-BF4B-00C04F79EFBC}") = "clMvc5Day13.Model", "clMvc5Day13.Model\clMvc5Day13.Model.csproj", "{6AE579BD-4D06-4738-9293-C820053D2DA4}"
EndProject
Project("{FAE04EC0-301F-11D3-BF4B-00C04F79EFBC}") = "WebApplication1", "WebApplication1\WebApplication1.csproj", "{D73388F7-C5EA-4FA4-BC93-488419B64E16}"
EndProject
Global
	GlobalSection(SolutionConfigurationPlatforms) = preSolution
		Debug|Any CPU = Debug|Any CPU
		Release|Any CPU = Release|Any CPU
	EndGlobalSection
	GlobalSection(ProjectConfigurationPlatforms) = postSolution
		{B77382F7-C00A-4A69-8961-1E665ED08652}.Debug|Any CPU.ActiveCfg = Debug|Any CPU
		{B77382F7-C00A-4A69-8961-1E665ED08652}.Debug|Any CPU.Build.0 = Debug|Any CPU
		{B77382F7-C00A-4A69-8961-1E665ED08652}.Release|Any CPU.ActiveCfg = Release|Any CPU
		{B77382F7-C00A-4A69-8961-1E665ED08652}.Release|Any CPU.Build.0 = Release|Any CPU
		{6AE579BD-4D06-4738-9293-C820053D2DA4}.Debug|Any CPU.ActiveCfg = Debug|Any CPU
		{6AE579BD-4D06-4738-9293-C820053D2DA4}.Debug|Any CPU.Build.0 = Debug|Any CPU
		{6AE579BD-4D06-4738-9293-C820053D2DA4}.Release|Any CPU.ActiveCfg = Release|Any CPU
		{6AE579BD-4D06-4738-9293-C820053D2DA4}.Release|Any CPU.Build.0 = Release|Any CPU
		{D73388F7-C5EA-4FA4-BC93-488419B64E16}.Debug|Any CPU.ActiveCfg = Debug|Any CPU
		{D73388F7-C5EA-4FA4-BC93-488419B64E16}.Debug|Any CPU.Build.0 = Debug|Any CPU
		{D73388F7-C5EA-4FA4-BC93-488419B64E16}.Release|Any CPU.ActiveCfg = Release|Any CPU
		{D73388F7-C5EA-4FA4-BC93-488419B64E16}.Release|Any CPU.Build.0 = Release|Any CPU
	EndGlobalSection
	GlobalSection(SolutionProperties) = preSolution
		HideSolutionNode = FALSE
	EndGlobalSection
EndGlobal
